
Microsoft Visual Studio Solution File, Format Version 12.00
# Visual Studio Version 16
VisualStudioVersion = 16.0.31729.503
MinimumVisualStudioVersion = 10.0.40219.1
Project("{FAE04EC0-301F-11D3-BF4B-00C04F79EFBC}") = "Hello_World_with_DotNetCore_Web_API", "Hello_World_with_DotNetCore_Web_API\Hello_World_with_DotNetCore_Web_API.csproj", "{4E1B1EC9-8EFA-4CEB-B9B7-BA59A44973BC}"
EndProject
Global
	GlobalSection(SolutionConfigurationPlatforms) = preSolution
		Debug|Any CPU = Debug|Any CPU
		Release|Any CPU = Release|Any CPU
	EndGlobalSection
	GlobalSection(ProjectConfigurationPlatforms) = postSolution
		{4E1B1EC9-8EFA-4CEB-B9B7-BA59A44973BC}.Debug|Any CPU.ActiveCfg = Debug|Any CPU
		{4E1B1EC9-8EFA-4CEB-B9B7-BA59A44973BC}.Debug|Any CPU.Build.0 = Debug|Any CPU
		{4E1B1EC9-8EFA-4CEB-B9B7-BA59A44973BC}.Release|Any CPU.ActiveCfg = Release|Any CPU
		{4E1B1EC9-8EFA-4CEB-B9B7-BA59A44973BC}.Release|Any CPU.Build.0 = Release|Any CPU
	EndGlobalSection
	GlobalSection(SolutionProperties) = preSolution
		HideSolutionNode = FALSE
	EndGlobalSection
	GlobalSection(ExtensibilityGlobals) = postSolution
		SolutionGuid = {13BA52C8-FCC3-492E-A7BD-88887F950C2B}
	EndGlobalSection
EndGlobal
